
Microsoft Visual Studio Solution File, Format Version 12.00
# Visual Studio Version 17
VisualStudioVersion = 17.6.33723.286
MinimumVisualStudioVersion = 10.0.40219.1
Project("{FAE04EC0-301F-11D3-BF4B-00C04F79EFBC}") = "PagoEstacionamiento", "PagoEstacionamiento\PagoEstacionamiento.csproj", "{DC56DB72-E039-424F-8AD1-BDB283514F7D}"
EndProject
Global
	GlobalSection(SolutionConfigurationPlatforms) = preSolution
		Debug|Any CPU = Debug|Any CPU
		Release|Any CPU = Release|Any CPU
	EndGlobalSection
	GlobalSection(ProjectConfigurationPlatforms) = postSolution
		{DC56DB72-E039-424F-8AD1-BDB283514F7D}.Debug|Any CPU.ActiveCfg = Debug|Any CPU
		{DC56DB72-E039-424F-8AD1-BDB283514F7D}.Debug|Any CPU.Build.0 = Debug|Any CPU
		{DC56DB72-E039-424F-8AD1-BDB283514F7D}.Release|Any CPU.ActiveCfg = Release|Any CPU
		{DC56DB72-E039-424F-8AD1-BDB283514F7D}.Release|Any CPU.Build.0 = Release|Any CPU
	EndGlobalSection
	GlobalSection(SolutionProperties) = preSolution
		HideSolutionNode = FALSE
	EndGlobalSection
	GlobalSection(ExtensibilityGlobals) = postSolution
		SolutionGuid = {79573A29-5235-4C3E-911C-C02EDC591FCE}
	EndGlobalSection
EndGlobal
